{
  "version": 4,
  "terraform_version": "1.3.3",
  "serial": 37,
  "lineage": "475b884e-3e7f-2a8d-2dd0-0cd068a56304",
  "outputs": {},
  "resources": [
    {
      "module": "module.infra",
      "mode": "managed",
      "type": "google_cloudfunctions_function",
      "name": "function",
      "provider": "provider[\"registry.terraform.io/hashicorp/google\"]",
      "instances": [
        {
          "schema_version": 0,
          "attributes": {
            "available_memory_mb": 1024,
            "build_environment_variables": null,
            "build_worker_pool": "",
            "description": "Angular Universal Cloud Function",
            "docker_registry": "CONTAINER_REGISTRY",
            "docker_repository": "",
            "entry_point": "app",
            "environment_variables": {},
            "event_trigger": [],
            "https_trigger_security_level": "SECURE_OPTIONAL",
            "https_trigger_url": "https://europe-west2-geometricpanda.cloudfunctions.net/raidathon-angular-universal",
            "id": "projects/geometricpanda/locations/europe-west2/functions/raidathon-angular-universal",
            "ingress_settings": "ALLOW_ALL",
            "kms_key_name": "",
            "labels": {},
            "max_instances": 0,
            "min_instances": 0,
            "name": "raidathon-angular-universal",
            "project": "geometricpanda",
            "region": "europe-west2",
            "runtime": "nodejs16",
            "secret_environment_variables": [],
            "secret_volumes": [],
            "service_account_email": "geometricpanda@appspot.gserviceaccount.com",
            "source_archive_bucket": "raidathon-angular-universal",
            "source_archive_object": "release.zip",
            "source_repository": [],
            "timeout": 60,
            "timeouts": null,
            "trigger_http": true,
            "vpc_connector": "",
            "vpc_connector_egress_settings": ""
          },
          "sensitive_attributes": [],
          "private": "eyJlMmJmYjczMC1lY2FhLTExZTYtOGY4OC0zNDM2M2JjN2M0YzAiOnsiY3JlYXRlIjozMDAwMDAwMDAwMDAsImRlbGV0ZSI6MzAwMDAwMDAwMDAwLCJyZWFkIjozMDAwMDAwMDAwMDAsInVwZGF0ZSI6MzAwMDAwMDAwMDAwfX0="
        }
      ]
    },
    {
      "module": "module.infra",
      "mode": "managed",
      "type": "google_cloudfunctions_function_iam_member",
      "name": "invoker",
      "provider": "provider[\"registry.terraform.io/hashicorp/google\"]",
      "instances": [
        {
          "schema_version": 0,
          "attributes": {
            "cloud_function": "projects/geometricpanda/locations/europe-west2/functions/raidathon-angular-universal",
            "condition": [],
            "etag": "BwXrncTfQUM=",
            "id": "projects/geometricpanda/locations/europe-west2/functions/raidathon-angular-universal/roles/cloudfunctions.invoker/allUsers",
            "member": "allUsers",
            "project": "geometricpanda",
            "region": "europe-west2",
            "role": "roles/cloudfunctions.invoker"
          },
          "sensitive_attributes": [],
          "private": "bnVsbA=="
        }
      ]
    },
    {
      "module": "module.infra",
      "mode": "managed",
      "type": "google_storage_bucket_object",
      "name": "release",
      "provider": "provider[\"registry.terraform.io/hashicorp/google\"]",
      "instances": [
        {
          "schema_version": 0,
          "attributes": {
            "bucket": "raidathon-angular-universal",
            "cache_control": "",
            "content": null,
            "content_disposition": "",
            "content_encoding": "",
            "content_language": "",
            "content_type": "application/zip",
            "crc32c": "Zp2T2Q==",
            "customer_encryption": [],
            "detect_md5hash": "lmYr+M660mCHAVK3LWxJWQ==",
            "event_based_hold": false,
            "id": "raidathon-angular-universal-release.zip",
            "kms_key_name": "",
            "md5hash": "lmYr+M660mCHAVK3LWxJWQ==",
            "media_link": "https://storage.googleapis.com/download/storage/v1/b/raidathon-angular-universal/o/release.zip?generation=1666437132294882\u0026alt=media",
            "metadata": {},
            "name": "release.zip",
            "output_name": "release.zip",
            "self_link": "https://www.googleapis.com/storage/v1/b/raidathon-angular-universal/o/release.zip",
            "source": "./release.zip",
            "storage_class": "STANDARD",
            "temporary_hold": false,
            "timeouts": null
          },
          "sensitive_attributes": [],
          "private": "eyJlMmJmYjczMC1lY2FhLTExZTYtOGY4OC0zNDM2M2JjN2M0YzAiOnsiY3JlYXRlIjoyNDAwMDAwMDAwMDAsImRlbGV0ZSI6MjQwMDAwMDAwMDAwLCJ1cGRhdGUiOjI0MDAwMDAwMDAwMH19"
        }
      ]
    }
  ],
  "check_results": []
}
